<?xml version="1.0" encoding="utf-8"?>
<Project ToolsVersion="4.0" xmlns="http://schemas.microsoft.com/developer/msbuild/2003">
  <ItemGroup>
    <Filter Include="Source Files">
      <UniqueIdentifier>{4FC737F1-C7A5-4376-A066-2A32D752A2FF}</UniqueIdentifier>
      <Extensions>cpp;c;cc;cxx;def;odl;idl;hpj;bat;asm;asmx</Extensions>
    </Filter>
    <Filter Include="Header Files">
      <UniqueIdentifier>{93995380-89BD-4b04-88EB-625FBE52EBFB}</UniqueIdentifier>
      <Extensions>h;hh;hpp;hxx;hm;inl;inc;xsd</Extensions>
    </Filter>
    <Filter Include="Resource Files">
      <UniqueIdentifier>{67DA6AB6-F800-4c08-8B7A-83BB121AAD01}</UniqueIdentifier>
      <Extensions>rc;ico;cur;bmp;dlg;rc2;rct;bin;rgs;gif;jpg;jpeg;jpe;resx;tiff;tif;png;wav;mfcribbon-ms</Extensions>
    </Filter>
  </ItemGroup>
  <ItemGroup>
    <ClCompile Include="..\3rdParty\glad\glad.c">
      <Filter>Source Files</Filter>
    </ClCompile>
    <ClCompile Include="..\3rdParty\imgui\imgui.cpp">
      <Filter>Source Files</Filter>
    </ClCompile>
    <ClCompile Include="..\3rdParty\imgui\imgui_demo.cpp">
      <Filter>Source Files</Filter>
    </ClCompile>
    <ClCompile Include="..\3rdParty\imgui\imgui_draw.cpp">
      <Filter>Source Files</Filter>
    </ClCompile>
    <ClCompile Include="..\3rdParty\imgui\imgui_impl_glfw_gl3.cpp">
      <Filter>Source Files</Filter>
    </ClCompile>
    <ClCompile Include="..\3rdParty\imgui\addons\imguifilesystem\imguifilesystem.cpp">
      <Filter>Source Files</Filter>
    </ClCompile>
    <ClCompile Include="..\3rdParty\tinyexr\tinyexr.cc">
      <Filter>Source Files</Filter>
    </ClCompile>
    <ClCompile Include="..\3rdParty\tinyply\tinyply.cpp">
      <Filter>Source Files</Filter>
    </ClCompile>
    <ClCompile Include="..\Src\bvh.cpp">
      <Filter>Source Files</Filter>
    </ClCompile>
    <ClCompile Include="..\Src\compute.cpp">
      <Filter>Source Files</Filter>
    </ClCompile>
    <ClCompile Include="..\Src\computeshaders.cpp">
      <Filter>Source Files</Filter>
    </ClCompile>
    <ClCompile Include="..\Src\fornos.cpp">
      <Filter>Source Files</Filter>
    </ClCompile>
    <ClCompile Include="..\Src\fornosui.cpp">
      <Filter>Source Files</Filter>
    </ClCompile>
    <ClCompile Include="..\Src\image.cpp">
      <Filter>Source Files</Filter>
    </ClCompile>
    <ClCompile Include="..\Src\mesh.cpp">
      <Filter>Source Files</Filter>
    </ClCompile>
    <ClCompile Include="..\Src\meshmapping.cpp">
      <Filter>Source Files</Filter>
    </ClCompile>
    <ClCompile Include="..\Src\solver_ao.cpp">
      <Filter>Source Files</Filter>
    </ClCompile>
    <ClCompile Include="..\Src\solver_bentnormals.cpp">
      <Filter>Source Files</Filter>
    </ClCompile>
    <ClCompile Include="..\Src\solver_height.cpp">
      <Filter>Source Files</Filter>
    </ClCompile>
    <ClCompile Include="..\Src\solver_normals.cpp">
      <Filter>Source Files</Filter>
    </ClCompile>
    <ClCompile Include="..\Src\solver_position.cpp">
      <Filter>Source Files</Filter>
    </ClCompile>
    <ClCompile Include="..\Src\solver_thickness.cpp">
      <Filter>Source Files</Filter>
    </ClCompile>
    <ClCompile Include="..\Src\logging.cpp">
      <Filter>Source Files</Filter>
    </ClCompile>
  </ItemGroup>
  <ItemGroup>
    <ResourceCompile Include="fornos.rc">
      <Filter>Resource Files</Filter>
    </ResourceCompile>
  </ItemGroup>
  <ItemGroup>
    <Image Include="fornos.ico">
      <Filter>Resource Files</Filter>
    </Image>
    <Image Include="icon2.ico">
      <Filter>Resource Files</Filter>
    </Image>
  </ItemGroup>
  <ItemGroup>
    <ClInclude Include="..\Src\bvh.h">
      <Filter>Header Files</Filter>
    </ClInclude>
    <ClInclude Include="..\Src\compute.h">
      <Filter>Header Files</Filter>
    </ClInclude>
    <ClInclude Include="..\Src\computeshaders.h">
      <Filter>Header Files</Filter>
    </ClInclude>
    <ClInclude Include="..\Src\computeshaders_content.h">
      <Filter>Header Files</Filter>
    </ClInclude>
    <ClInclude Include="..\Src\fornos.h">
      <Filter>Header Files</Filter>
    </ClInclude>
    <ClInclude Include="..\Src\fornosui.h">
      <Filter>Header Files</Filter>
    </ClInclude>
    <ClInclude Include="..\Src\image.h">
      <Filter>Header Files</Filter>
    </ClInclude>
    <ClInclude Include="..\Src\math.h">
      <Filter>Header Files</Filter>
    </ClInclude>
    <ClInclude Include="..\Src\mesh.h">
      <Filter>Header Files</Filter>
    </ClInclude>
    <ClInclude Include="..\Src\meshmapping.h">
      <Filter>Header Files</Filter>
    </ClInclude>
    <ClInclude Include="..\Src\solver_ao.h">
      <Filter>Header Files</Filter>
    </ClInclude>
    <ClInclude Include="..\Src\solver_bentnormals.h">
      <Filter>Header Files</Filter>
    </ClInclude>
    <ClInclude Include="..\Src\solver_height.h">
      <Filter>Header Files</Filter>
    </ClInclude>
    <ClInclude Include="..\Src\solver_normals.h">
      <Filter>Header Files</Filter>
    </ClInclude>
    <ClInclude Include="..\Src\solver_position.h">
      <Filter>Header Files</Filter>
    </ClInclude>
    <ClInclude Include="..\Src\solver_thickness.h">
      <Filter>Header Files</Filter>
    </ClInclude>
    <ClInclude Include="..\Src\stb_image_write.h">
      <Filter>Header Files</Filter>
    </ClInclude>
    <ClInclude Include="..\Src\timing.h">
      <Filter>Header Files</Filter>
    </ClInclude>
    <ClInclude Include="..\Src\logging.h">
      <Filter>Header Files</Filter>
    </ClInclude>
  </ItemGroup>
</Project>